
Microsoft Visual Studio Solution File, Format Version 12.00
# Visual Studio Version 17
VisualStudioVersion = 17.14.36221.1
MinimumVisualStudioVersion = 10.0.40219.1
Project("{FAE04EC0-301F-11D3-BF4B-00C04F79EFBC}") = "Berge.Core.IA.DocumentProccessor", "src\Berge.Core.IA.DocumentProccessor\Berge.Core.IA.DocumentProccessor.csproj", "{4C0659ED-D724-B169-5C69-8A31C1BA68AD}"
EndProject
Global
	GlobalSection(SolutionConfigurationPlatforms) = preSolution
		Debug|Any CPU = Debug|Any CPU
		Release|Any CPU = Release|Any CPU
	EndGlobalSection
	GlobalSection(ProjectConfigurationPlatforms) = postSolution
		{4C0659ED-D724-B169-5C69-8A31C1BA68AD}.Debug|Any CPU.ActiveCfg = Debug|Any CPU
		{4C0659ED-D724-B169-5C69-8A31C1BA68AD}.Debug|Any CPU.Build.0 = Debug|Any CPU
		{4C0659ED-D724-B169-5C69-8A31C1BA68AD}.Release|Any CPU.ActiveCfg = Release|Any CPU
		{4C0659ED-D724-B169-5C69-8A31C1BA68AD}.Release|Any CPU.Build.0 = Release|Any CPU
	EndGlobalSection
	GlobalSection(SolutionProperties) = preSolution
		HideSolutionNode = FALSE
	EndGlobalSection
	GlobalSection(ExtensibilityGlobals) = postSolution
		SolutionGuid = {A6730EFE-737E-4F47-8627-603C54D299B9}
	EndGlobalSection
EndGlobal
